
Microsoft Visual Studio Solution File, Format Version 12.00
# Visual Studio Version 17
VisualStudioVersion = 17.12.35527.113 d17.12
MinimumVisualStudioVersion = 10.0.40219.1
Project("{FAE04EC0-301F-11D3-BF4B-00C04F79EFBC}") = "Product Inventory System", "Product Inventory System.csproj", "{F577A047-525D-470A-8536-8A73700E88BE}"
EndProject
Global
	GlobalSection(SolutionConfigurationPlatforms) = preSolution
		Debug|Any CPU = Debug|Any CPU
		Release|Any CPU = Release|Any CPU
	EndGlobalSection
	GlobalSection(ProjectConfigurationPlatforms) = postSolution
		{F577A047-525D-470A-8536-8A73700E88BE}.Debug|Any CPU.ActiveCfg = Debug|Any CPU
		{F577A047-525D-470A-8536-8A73700E88BE}.Debug|Any CPU.Build.0 = Debug|Any CPU
		{F577A047-525D-470A-8536-8A73700E88BE}.Release|Any CPU.ActiveCfg = Release|Any CPU
		{F577A047-525D-470A-8536-8A73700E88BE}.Release|Any CPU.Build.0 = Release|Any CPU
	EndGlobalSection
	GlobalSection(SolutionProperties) = preSolution
		HideSolutionNode = FALSE
	EndGlobalSection
EndGlobal
